
Microsoft Visual Studio Solution File, Format Version 12.00
# Visual Studio Version 17
VisualStudioVersion = 17.7.34024.191
MinimumVisualStudioVersion = 10.0.40219.1
Project("{FAE04EC0-301F-11D3-BF4B-00C04F79EFBC}") = "FirstApp", "FirstApp\FirstApp.csproj", "{2A3461C2-CE08-4849-A02C-1B0396F407E2}"
EndProject
Global
	GlobalSection(SolutionConfigurationPlatforms) = preSolution
		Debug|Any CPU = Debug|Any CPU
		Release|Any CPU = Release|Any CPU
	EndGlobalSection
	GlobalSection(ProjectConfigurationPlatforms) = postSolution
		{2A3461C2-CE08-4849-A02C-1B0396F407E2}.Debug|Any CPU.ActiveCfg = Debug|Any CPU
		{2A3461C2-CE08-4849-A02C-1B0396F407E2}.Debug|Any CPU.Build.0 = Debug|Any CPU
		{2A3461C2-CE08-4849-A02C-1B0396F407E2}.Release|Any CPU.ActiveCfg = Release|Any CPU
		{2A3461C2-CE08-4849-A02C-1B0396F407E2}.Release|Any CPU.Build.0 = Release|Any CPU
	EndGlobalSection
	GlobalSection(SolutionProperties) = preSolution
		HideSolutionNode = FALSE
	EndGlobalSection
	GlobalSection(ExtensibilityGlobals) = postSolution
		SolutionGuid = {0B96A980-D5FA-4EDD-93ED-6135CFB0DB3C}
	EndGlobalSection
EndGlobal
