
Microsoft Visual Studio Solution File, Format Version 12.00
# Visual Studio Version 17
VisualStudioVersion = 17.7.34024.191
MinimumVisualStudioVersion = 10.0.40219.1
Project("{FAE04EC0-301F-11D3-BF4B-00C04F79EFBC}") = "ShoppingApp", "ShoppingApp\ShoppingApp.csproj", "{4E382E7F-2B2E-4679-9AAD-B0171952AF9B}"
EndProject
Global
	GlobalSection(SolutionConfigurationPlatforms) = preSolution
		Debug|Any CPU = Debug|Any CPU
		Release|Any CPU = Release|Any CPU
	EndGlobalSection
	GlobalSection(ProjectConfigurationPlatforms) = postSolution
		{4E382E7F-2B2E-4679-9AAD-B0171952AF9B}.Debug|Any CPU.ActiveCfg = Debug|Any CPU
		{4E382E7F-2B2E-4679-9AAD-B0171952AF9B}.Debug|Any CPU.Build.0 = Debug|Any CPU
		{4E382E7F-2B2E-4679-9AAD-B0171952AF9B}.Release|Any CPU.ActiveCfg = Release|Any CPU
		{4E382E7F-2B2E-4679-9AAD-B0171952AF9B}.Release|Any CPU.Build.0 = Release|Any CPU
	EndGlobalSection
	GlobalSection(SolutionProperties) = preSolution
		HideSolutionNode = FALSE
	EndGlobalSection
	GlobalSection(ExtensibilityGlobals) = postSolution
		SolutionGuid = {48C0254D-CCC6-4D3E-B2EA-D79F11288D6D}
	EndGlobalSection
EndGlobal
